
Microsoft Visual Studio Solution File, Format Version 12.00
# Visual Studio Version 17
VisualStudioVersion = 17.8.34330.188
MinimumVisualStudioVersion = 10.0.40219.1
Project("{FAE04EC0-301F-11D3-BF4B-00C04F79EFBC}") = "ConsoleApp1", "ConsoleApp1\ConsoleApp1.csproj", "{07237CE7-E5A3-4C05-816D-1F04A22836F8}"
EndProject
Global
	GlobalSection(SolutionConfigurationPlatforms) = preSolution
		Debug|Any CPU = Debug|Any CPU
		Release|Any CPU = Release|Any CPU
	EndGlobalSection
	GlobalSection(ProjectConfigurationPlatforms) = postSolution
		{07237CE7-E5A3-4C05-816D-1F04A22836F8}.Debug|Any CPU.ActiveCfg = Debug|Any CPU
		{07237CE7-E5A3-4C05-816D-1F04A22836F8}.Debug|Any CPU.Build.0 = Debug|Any CPU
		{07237CE7-E5A3-4C05-816D-1F04A22836F8}.Release|Any CPU.ActiveCfg = Release|Any CPU
		{07237CE7-E5A3-4C05-816D-1F04A22836F8}.Release|Any CPU.Build.0 = Release|Any CPU
	EndGlobalSection
	GlobalSection(SolutionProperties) = preSolution
		HideSolutionNode = FALSE
	EndGlobalSection
	GlobalSection(ExtensibilityGlobals) = postSolution
		SolutionGuid = {2576D016-5650-4BDD-9607-E1CC1D4D397E}
	EndGlobalSection
EndGlobal
